// !$*UTF8*$!
{
	archiveVersion = 1;
	classes = {
	};
	objectVersion = 46;
	objects = {

/* Begin PBXBuildFile section */
		4311EEBE1B04362900D34284 /* ProfileImageTableViewCell.m in Sources */ = {isa = PBXBuildFile; fileRef = 4311EEBD1B04362900D34284 /* ProfileImageTableViewCell.m */; };
		4311EEC11B04369300D34284 /* DisplayNameTableViewCell.m in Sources */ = {isa = PBXBuildFile; fileRef = 4311EEC01B04369300D34284 /* DisplayNameTableViewCell.m */; };
		4311EEC41B0436CB00D34284 /* AcceptanceRateReputationTableViewCell.m in Sources */ = {isa = PBXBuildFile; fileRef = 4311EEC31B0436CB00D34284 /* AcceptanceRateReputationTableViewCell.m */; };
		4311EEC71B0436FE00D34284 /* BadgesTableViewCell.m in Sources */ = {isa = PBXBuildFile; fileRef = 4311EEC61B0436FE00D34284 /* BadgesTableViewCell.m */; };
		4311EECA1B0460C100D34284 /* Answer.m in Sources */ = {isa = PBXBuildFile; fileRef = 4311EEC91B0460C100D34284 /* Answer.m */; };
		4311EED01B051E3F00D34284 /* QuestionWebViewController.m in Sources */ = {isa = PBXBuildFile; fileRef = 4311EECF1B051E3F00D34284 /* QuestionWebViewController.m */; };
		43BFDEBC1B017F7B00197988 /* main.m in Sources */ = {isa = PBXBuildFile; fileRef = 43BFDEBB1B017F7B00197988 /* main.m */; };
		43BFDEBF1B017F7B00197988 /* AppDelegate.m in Sources */ = {isa = PBXBuildFile; fileRef = 43BFDEBE1B017F7B00197988 /* AppDelegate.m */; };
		43BFDEC81B017F7B00197988 /* Main.storyboard in Resources */ = {isa = PBXBuildFile; fileRef = 43BFDEC61B017F7B00197988 /* Main.storyboard */; };
		43BFDECA1B017F7B00197988 /* Images.xcassets in Resources */ = {isa = PBXBuildFile; fileRef = 43BFDEC91B017F7B00197988 /* Images.xcassets */; };
		43BFDECD1B017F7B00197988 /* LaunchScreen.xib in Resources */ = {isa = PBXBuildFile; fileRef = 43BFDECB1B017F7B00197988 /* LaunchScreen.xib */; };
		43BFDED91B017F7B00197988 /* MyStackOverflowTests.m in Sources */ = {isa = PBXBuildFile; fileRef = 43BFDED81B017F7B00197988 /* MyStackOverflowTests.m */; };
		43BFDEE41B01820B00197988 /* BurgerContainerViewController.m in Sources */ = {isa = PBXBuildFile; fileRef = 43BFDEE31B01820B00197988 /* BurgerContainerViewController.m */; };
		43BFDEE71B0182A100197988 /* SideMenuTableViewController.m in Sources */ = {isa = PBXBuildFile; fileRef = 43BFDEE61B0182A100197988 /* SideMenuTableViewController.m */; };
		43BFDEEA1B0182DE00197988 /* MyQuestionsViewController.m in Sources */ = {isa = PBXBuildFile; fileRef = 43BFDEE91B0182DE00197988 /* MyQuestionsViewController.m */; };
		43BFDEED1B0182F500197988 /* SearchQuestionsViewController.m in Sources */ = {isa = PBXBuildFile; fileRef = 43BFDEEC1B0182F500197988 /* SearchQuestionsViewController.m */; };
		43BFDEF41B01A36300197988 /* WebOAuthViewController.m in Sources */ = {isa = PBXBuildFile; fileRef = 43BFDEF31B01A36300197988 /* WebOAuthViewController.m */; };
		43BFDEF71B01AE1B00197988 /* LoginViewController.m in Sources */ = {isa = PBXBuildFile; fileRef = 43BFDEF61B01AE1B00197988 /* LoginViewController.m */; };
		43BFDEFA1B01E4AF00197988 /* StackOverFlowStyleKit.m in Sources */ = {isa = PBXBuildFile; fileRef = 43BFDEF91B01E4AF00197988 /* StackOverFlowStyleKit.m */; };
		43BFDEFD1B02FF4200197988 /* StackOverflowService.m in Sources */ = {isa = PBXBuildFile; fileRef = 43BFDEFC1B02FF4200197988 /* StackOverflowService.m */; };
		43BFDF001B03069500197988 /* StackOverflowJSONParser.m in Sources */ = {isa = PBXBuildFile; fileRef = 43BFDEFF1B03069500197988 /* StackOverflowJSONParser.m */; };
		43BFDF031B03286C00197988 /* Question.m in Sources */ = {isa = PBXBuildFile; fileRef = 43BFDF021B03286C00197988 /* Question.m */; };
		43BFDF061B03337700197988 /* QuestionsTableViewCell.m in Sources */ = {isa = PBXBuildFile; fileRef = 43BFDF051B03337700197988 /* QuestionsTableViewCell.m */; };
		43BFDF091B033CB500197988 /* SideMenuTableViewCell.m in Sources */ = {isa = PBXBuildFile; fileRef = 43BFDF081B033CB500197988 /* SideMenuTableViewCell.m */; };
		43BFDF0B1B033F4500197988 /* SideMenuTableViewCell.xib in Resources */ = {isa = PBXBuildFile; fileRef = 43BFDF0A1B033F4500197988 /* SideMenuTableViewCell.xib */; };
		43BFDF111B03B67300197988 /* ImageService.m in Sources */ = {isa = PBXBuildFile; fileRef = 43BFDF101B03B67300197988 /* ImageService.m */; };
		43BFDF141B03C3FB00197988 /* ImageResizer.m in Sources */ = {isa = PBXBuildFile; fileRef = 43BFDF131B03C3FB00197988 /* ImageResizer.m */; };
		43BFDF171B03CF0800197988 /* User.m in Sources */ = {isa = PBXBuildFile; fileRef = 43BFDF161B03CF0800197988 /* User.m */; };
		43BFDF1A1B03DFBB00197988 /* ProfileTableViewController.m in Sources */ = {isa = PBXBuildFile; fileRef = 43BFDF191B03DFBB00197988 /* ProfileTableViewController.m */; };
		796DCD00FEF1C1E3F4D9DAF9 /* libPods-MyStackOverflow.a in Frameworks */ = {isa = PBXBuildFile; fileRef = 8BE7E9566E4CF5CDE2D42777 /* libPods-MyStackOverflow.a */; };
/* End PBXBuildFile section */

/* Begin PBXContainerItemProxy section */
		43BFDED31B017F7B00197988 /* PBXContainerItemProxy */ = {
			isa = PBXContainerItemProxy;
			containerPortal = 43BFDEAE1B017F7B00197988 /* Project object */;
			proxyType = 1;
			remoteGlobalIDString = 43BFDEB51B017F7B00197988;
			remoteInfo = MyStackOverflow;
		};
/* End PBXContainerItemProxy section */

/* Begin PBXFileReference section */
		14C7E78C36B1F431D8ECD787 /* Pods-MyStackOverflow.debug.xcconfig */ = {isa = PBXFileReference; includeInIndex = 1; lastKnownFileType = text.xcconfig; name = "Pods-MyStackOverflow.debug.xcconfig"; path = "Pods/Target Support Files/Pods-MyStackOverflow/Pods-MyStackOverflow.debug.xcconfig"; sourceTree = "<group>"; };
		4311EEBC1B04362900D34284 /* ProfileImageTableViewCell.h */ = {isa = PBXFileReference; fileEncoding = 4; lastKnownFileType = sourcecode.c.h; path = ProfileImageTableViewCell.h; sourceTree = "<group>"; };
		4311EEBD1B04362900D34284 /* ProfileImageTableViewCell.m */ = {isa = PBXFileReference; fileEncoding = 4; lastKnownFileType = sourcecode.c.objc; path = ProfileImageTableViewCell.m; sourceTree = "<group>"; };
		4311EEBF1B04369300D34284 /* DisplayNameTableViewCell.h */ = {isa = PBXFileReference; fileEncoding = 4; lastKnownFileType = sourcecode.c.h; path = DisplayNameTableViewCell.h; sourceTree = "<group>"; };
		4311EEC01B04369300D34284 /* DisplayNameTableViewCell.m */ = {isa = PBXFileReference; fileEncoding = 4; lastKnownFileType = sourcecode.c.objc; path = DisplayNameTableViewCell.m; sourceTree = "<group>"; };
		4311EEC21B0436CB00D34284 /* AcceptanceRateReputationTableViewCell.h */ = {isa = PBXFileReference; fileEncoding = 4; lastKnownFileType = sourcecode.c.h; path = AcceptanceRateReputationTableViewCell.h; sourceTree = "<group>"; };
		4311EEC31B0436CB00D34284 /* AcceptanceRateReputationTableViewCell.m */ = {isa = PBXFileReference; fileEncoding = 4; lastKnownFileType = sourcecode.c.objc; path = AcceptanceRateReputationTableViewCell.m; sourceTree = "<group>"; };
		4311EEC51B0436FE00D34284 /* BadgesTableViewCell.h */ = {isa = PBXFileReference; fileEncoding = 4; lastKnownFileType = sourcecode.c.h; path = BadgesTableViewCell.h; sourceTree = "<group>"; };
		4311EEC61B0436FE00D34284 /* BadgesTableViewCell.m */ = {isa = PBXFileReference; fileEncoding = 4; lastKnownFileType = sourcecode.c.objc; path = BadgesTableViewCell.m; sourceTree = "<group>"; };
		4311EEC81B0460C100D34284 /* Answer.h */ = {isa = PBXFileReference; fileEncoding = 4; lastKnownFileType = sourcecode.c.h; path = Answer.h; sourceTree = "<group>"; };
		4311EEC91B0460C100D34284 /* Answer.m */ = {isa = PBXFileReference; fileEncoding = 4; lastKnownFileType = sourcecode.c.objc; path = Answer.m; sourceTree = "<group>"; };
		4311EECE1B051E3F00D34284 /* QuestionWebViewController.h */ = {isa = PBXFileReference; fileEncoding = 4; lastKnownFileType = sourcecode.c.h; path = QuestionWebViewController.h; sourceTree = "<group>"; };
		4311EECF1B051E3F00D34284 /* QuestionWebViewController.m */ = {isa = PBXFileReference; fileEncoding = 4; lastKnownFileType = sourcecode.c.objc; path = QuestionWebViewController.m; sourceTree = "<group>"; };
		43BFDEB61B017F7B00197988 /* MyStackOverflow.app */ = {isa = PBXFileReference; explicitFileType = wrapper.application; includeInIndex = 0; path = MyStackOverflow.app; sourceTree = BUILT_PRODUCTS_DIR; };
		43BFDEBA1B017F7B00197988 /* Info.plist */ = {isa = PBXFileReference; lastKnownFileType = text.plist.xml; path = Info.plist; sourceTree = "<group>"; };
		43BFDEBB1B017F7B00197988 /* main.m */ = {isa = PBXFileReference; lastKnownFileType = sourcecode.c.objc; path = main.m; sourceTree = "<group>"; };
		43BFDEBD1B017F7B00197988 /* AppDelegate.h */ = {isa = PBXFileReference; lastKnownFileType = sourcecode.c.h; path = AppDelegate.h; sourceTree = "<group>"; };
		43BFDEBE1B017F7B00197988 /* AppDelegate.m */ = {isa = PBXFileReference; lastKnownFileType = sourcecode.c.objc; path = AppDelegate.m; sourceTree = "<group>"; };
		43BFDEC71B017F7B00197988 /* Base */ = {isa = PBXFileReference; lastKnownFileType = file.storyboard; name = Base; path = Base.lproj/Main.storyboard; sourceTree = "<group>"; };
		43BFDEC91B017F7B00197988 /* Images.xcassets */ = {isa = PBXFileReference; lastKnownFileType = folder.assetcatalog; path = Images.xcassets; sourceTree = "<group>"; };
		43BFDECC1B017F7B00197988 /* Base */ = {isa = PBXFileReference; lastKnownFileType = file.xib; name = Base; path = Base.lproj/LaunchScreen.xib; sourceTree = "<group>"; };
		43BFDED21B017F7B00197988 /* MyStackOverflowTests.xctest */ = {isa = PBXFileReference; explicitFileType = wrapper.cfbundle; includeInIndex = 0; path = MyStackOverflowTests.xctest; sourceTree = BUILT_PRODUCTS_DIR; };
		43BFDED71B017F7B00197988 /* Info.plist */ = {isa = PBXFileReference; lastKnownFileType = text.plist.xml; path = Info.plist; sourceTree = "<group>"; };
		43BFDED81B017F7B00197988 /* MyStackOverflowTests.m */ = {isa = PBXFileReference; lastKnownFileType = sourcecode.c.objc; path = MyStackOverflowTests.m; sourceTree = "<group>"; };
		43BFDEE21B01820B00197988 /* BurgerContainerViewController.h */ = {isa = PBXFileReference; fileEncoding = 4; lastKnownFileType = sourcecode.c.h; path = BurgerContainerViewController.h; sourceTree = "<group>"; };
		43BFDEE31B01820B00197988 /* BurgerContainerViewController.m */ = {isa = PBXFileReference; fileEncoding = 4; lastKnownFileType = sourcecode.c.objc; path = BurgerContainerViewController.m; sourceTree = "<group>"; };
		43BFDEE51B0182A100197988 /* SideMenuTableViewController.h */ = {isa = PBXFileReference; fileEncoding = 4; lastKnownFileType = sourcecode.c.h; path = SideMenuTableViewController.h; sourceTree = "<group>"; };
		43BFDEE61B0182A100197988 /* SideMenuTableViewController.m */ = {isa = PBXFileReference; fileEncoding = 4; lastKnownFileType = sourcecode.c.objc; path = SideMenuTableViewController.m; sourceTree = "<group>"; };
		43BFDEE81B0182DE00197988 /* MyQuestionsViewController.h */ = {isa = PBXFileReference; fileEncoding = 4; lastKnownFileType = sourcecode.c.h; path = MyQuestionsViewController.h; sourceTree = "<group>"; };
		43BFDEE91B0182DE00197988 /* MyQuestionsViewController.m */ = {isa = PBXFileReference; fileEncoding = 4; lastKnownFileType = sourcecode.c.objc; path = MyQuestionsViewController.m; sourceTree = "<group>"; };
		43BFDEEB1B0182F500197988 /* SearchQuestionsViewController.h */ = {isa = PBXFileReference; fileEncoding = 4; lastKnownFileType = sourcecode.c.h; path = SearchQuestionsViewController.h; sourceTree = "<group>"; };
		43BFDEEC1B0182F500197988 /* SearchQuestionsViewController.m */ = {isa = PBXFileReference; fileEncoding = 4; lastKnownFileType = sourcecode.c.objc; path = SearchQuestionsViewController.m; sourceTree = "<group>"; };
		43BFDEF11B018DB500197988 /* SideMenuSelectionDelegate.h */ = {isa = PBXFileReference; fileEncoding = 4; lastKnownFileType = sourcecode.c.h; path = SideMenuSelectionDelegate.h; sourceTree = "<group>"; };
		43BFDEF21B01A36300197988 /* WebOAuthViewController.h */ = {isa = PBXFileReference; fileEncoding = 4; lastKnownFileType = sourcecode.c.h; path = WebOAuthViewController.h; sourceTree = "<group>"; };
		43BFDEF31B01A36300197988 /* WebOAuthViewController.m */ = {isa = PBXFileReference; fileEncoding = 4; lastKnownFileType = sourcecode.c.objc; path = WebOAuthViewController.m; sourceTree = "<group>"; };
		43BFDEF51B01AE1B00197988 /* LoginViewController.h */ = {isa = PBXFileReference; fileEncoding = 4; lastKnownFileType = sourcecode.c.h; path = LoginViewController.h; sourceTree = "<group>"; };
		43BFDEF61B01AE1B00197988 /* LoginViewController.m */ = {isa = PBXFileReference; fileEncoding = 4; lastKnownFileType = sourcecode.c.objc; path = LoginViewController.m; sourceTree = "<group>"; };
		43BFDEF81B01E4AF00197988 /* StackOverFlowStyleKit.h */ = {isa = PBXFileReference; fileEncoding = 4; lastKnownFileType = sourcecode.c.h; path = StackOverFlowStyleKit.h; sourceTree = "<group>"; };
		43BFDEF91B01E4AF00197988 /* StackOverFlowStyleKit.m */ = {isa = PBXFileReference; fileEncoding = 4; lastKnownFileType = sourcecode.c.objc; path = StackOverFlowStyleKit.m; sourceTree = "<group>"; };
		43BFDEFB1B02FF4200197988 /* StackOverflowService.h */ = {isa = PBXFileReference; fileEncoding = 4; lastKnownFileType = sourcecode.c.h; path = StackOverflowService.h; sourceTree = "<group>"; };
		43BFDEFC1B02FF4200197988 /* StackOverflowService.m */ = {isa = PBXFileReference; fileEncoding = 4; lastKnownFileType = sourcecode.c.objc; path = StackOverflowService.m; sourceTree = "<group>"; };
		43BFDEFE1B03069500197988 /* StackOverflowJSONParser.h */ = {isa = PBXFileReference; fileEncoding = 4; lastKnownFileType = sourcecode.c.h; path = StackOverflowJSONParser.h; sourceTree = "<group>"; };
		43BFDEFF1B03069500197988 /* StackOverflowJSONParser.m */ = {isa = PBXFileReference; fileEncoding = 4; lastKnownFileType = sourcecode.c.objc; path = StackOverflowJSONParser.m; sourceTree = "<group>"; };
		43BFDF011B03286C00197988 /* Question.h */ = {isa = PBXFileReference; fileEncoding = 4; lastKnownFileType = sourcecode.c.h; path = Question.h; sourceTree = "<group>"; };
		43BFDF021B03286C00197988 /* Question.m */ = {isa = PBXFileReference; fileEncoding = 4; lastKnownFileType = sourcecode.c.objc; path = Question.m; sourceTree = "<group>"; };
		43BFDF041B03337700197988 /* QuestionsTableViewCell.h */ = {isa = PBXFileReference; fileEncoding = 4; lastKnownFileType = sourcecode.c.h; path = QuestionsTableViewCell.h; sourceTree = "<group>"; };
		43BFDF051B03337700197988 /* QuestionsTableViewCell.m */ = {isa = PBXFileReference; fileEncoding = 4; lastKnownFileType = sourcecode.c.objc; path = QuestionsTableViewCell.m; sourceTree = "<group>"; };
		43BFDF071B033CB500197988 /* SideMenuTableViewCell.h */ = {isa = PBXFileReference; fileEncoding = 4; lastKnownFileType = sourcecode.c.h; path = SideMenuTableViewCell.h; sourceTree = "<group>"; };
		43BFDF081B033CB500197988 /* SideMenuTableViewCell.m */ = {isa = PBXFileReference; fileEncoding = 4; lastKnownFileType = sourcecode.c.objc; path = SideMenuTableViewCell.m; sourceTree = "<group>"; };
		43BFDF0A1B033F4500197988 /* SideMenuTableViewCell.xib */ = {isa = PBXFileReference; fileEncoding = 4; lastKnownFileType = file.xib; path = SideMenuTableViewCell.xib; sourceTree = "<group>"; };
		43BFDF0F1B03B67300197988 /* ImageService.h */ = {isa = PBXFileReference; fileEncoding = 4; lastKnownFileType = sourcecode.c.h; path = ImageService.h; sourceTree = "<group>"; };
		43BFDF101B03B67300197988 /* ImageService.m */ = {isa = PBXFileReference; fileEncoding = 4; lastKnownFileType = sourcecode.c.objc; path = ImageService.m; sourceTree = "<group>"; };
		43BFDF121B03C3FB00197988 /* ImageResizer.h */ = {isa = PBXFileReference; fileEncoding = 4; lastKnownFileType = sourcecode.c.h; path = ImageResizer.h; sourceTree = "<group>"; };
		43BFDF131B03C3FB00197988 /* ImageResizer.m */ = {isa = PBXFileReference; fileEncoding = 4; lastKnownFileType = sourcecode.c.objc; path = ImageResizer.m; sourceTree = "<group>"; };
		43BFDF151B03CF0800197988 /* User.h */ = {isa = PBXFileReference; fileEncoding = 4; lastKnownFileType = sourcecode.c.h; path = User.h; sourceTree = "<group>"; };
		43BFDF161B03CF0800197988 /* User.m */ = {isa = PBXFileReference; fileEncoding = 4; lastKnownFileType = sourcecode.c.objc; path = User.m; sourceTree = "<group>"; };
		43BFDF181B03DFBB00197988 /* ProfileTableViewController.h */ = {isa = PBXFileReference; fileEncoding = 4; lastKnownFileType = sourcecode.c.h; path = ProfileTableViewController.h; sourceTree = "<group>"; };
		43BFDF191B03DFBB00197988 /* ProfileTableViewController.m */ = {isa = PBXFileReference; fileEncoding = 4; lastKnownFileType = sourcecode.c.objc; path = ProfileTableViewController.m; sourceTree = "<group>"; };
		8BE7E9566E4CF5CDE2D42777 /* libPods-MyStackOverflow.a */ = {isa = PBXFileReference; explicitFileType = archive.ar; includeInIndex = 0; path = "libPods-MyStackOverflow.a"; sourceTree = BUILT_PRODUCTS_DIR; };
		EB8F8A2CE689E6B7DF65007C /* Pods-MyStackOverflow.release.xcconfig */ = {isa = PBXFileReference; includeInIndex = 1; lastKnownFileType = text.xcconfig; name = "Pods-MyStackOverflow.release.xcconfig"; path = "Pods/Target Support Files/Pods-MyStackOverflow/Pods-MyStackOverflow.release.xcconfig"; sourceTree = "<group>"; };
/* End PBXFileReference section */

/* Begin PBXFrameworksBuildPhase section */
		43BFDEB31B017F7B00197988 /* Frameworks */ = {
			isa = PBXFrameworksBuildPhase;
			buildActionMask = 2147483647;
			files = (
				796DCD00FEF1C1E3F4D9DAF9 /* libPods-MyStackOverflow.a in Frameworks */,
			);
			runOnlyForDeploymentPostprocessing = 0;
		};
		43BFDECF1B017F7B00197988 /* Frameworks */ = {
			isa = PBXFrameworksBuildPhase;
			buildActionMask = 2147483647;
			files = (
			);
			runOnlyForDeploymentPostprocessing = 0;
		};
/* End PBXFrameworksBuildPhase section */

/* Begin PBXGroup section */
		2DC0088F5A337CFAE0E2FF71 /* Pods */ = {
			isa = PBXGroup;
			children = (
				14C7E78C36B1F431D8ECD787 /* Pods-MyStackOverflow.debug.xcconfig */,
				EB8F8A2CE689E6B7DF65007C /* Pods-MyStackOverflow.release.xcconfig */,
			);
			name = Pods;
			sourceTree = "<group>";
		};
		4358826E0DF137FDB2967780 /* Frameworks */ = {
			isa = PBXGroup;
			children = (
				8BE7E9566E4CF5CDE2D42777 /* libPods-MyStackOverflow.a */,
			);
			name = Frameworks;
			sourceTree = "<group>";
		};
		43BFDEAD1B017F7B00197988 = {
			isa = PBXGroup;
			children = (
				43BFDEB81B017F7B00197988 /* MyStackOverflow */,
				43BFDED51B017F7B00197988 /* MyStackOverflowTests */,
				43BFDEB71B017F7B00197988 /* Products */,
				2DC0088F5A337CFAE0E2FF71 /* Pods */,
				4358826E0DF137FDB2967780 /* Frameworks */,
			);
			sourceTree = "<group>";
		};
		43BFDEB71B017F7B00197988 /* Products */ = {
			isa = PBXGroup;
			children = (
				43BFDEB61B017F7B00197988 /* MyStackOverflow.app */,
				43BFDED21B017F7B00197988 /* MyStackOverflowTests.xctest */,
			);
			name = Products;
			sourceTree = "<group>";
		};
		43BFDEB81B017F7B00197988 /* MyStackOverflow */ = {
			isa = PBXGroup;
			children = (
				43BFDEBD1B017F7B00197988 /* AppDelegate.h */,
				43BFDEBE1B017F7B00197988 /* AppDelegate.m */,
				43BFDF0C1B03B5A500197988 /* View */,
				43BFDF0D1B03B5B400197988 /* Model */,
				43BFDF0E1B03B5C200197988 /* Controller */,
				43BFDEB91B017F7B00197988 /* Supporting Files */,
			);
			path = MyStackOverflow;
			sourceTree = "<group>";
		};
		43BFDEB91B017F7B00197988 /* Supporting Files */ = {
			isa = PBXGroup;
			children = (
				43BFDEBA1B017F7B00197988 /* Info.plist */,
				43BFDEBB1B017F7B00197988 /* main.m */,
			);
			name = "Supporting Files";
			sourceTree = "<group>";
		};
		43BFDED51B017F7B00197988 /* MyStackOverflowTests */ = {
			isa = PBXGroup;
			children = (
				43BFDED81B017F7B00197988 /* MyStackOverflowTests.m */,
				43BFDED61B017F7B00197988 /* Supporting Files */,
			);
			path = MyStackOverflowTests;
			sourceTree = "<group>";
		};
		43BFDED61B017F7B00197988 /* Supporting Files */ = {
			isa = PBXGroup;
			children = (
				43BFDED71B017F7B00197988 /* Info.plist */,
			);
			name = "Supporting Files";
			sourceTree = "<group>";
		};
		43BFDF0C1B03B5A500197988 /* View */ = {
			isa = PBXGroup;
			children = (
				43BFDEC91B017F7B00197988 /* Images.xcassets */,
				43BFDECB1B017F7B00197988 /* LaunchScreen.xib */,
				43BFDEC61B017F7B00197988 /* Main.storyboard */,
				4311EEC51B0436FE00D34284 /* BadgesTableViewCell.h */,
				4311EEC61B0436FE00D34284 /* BadgesTableViewCell.m */,
				4311EEBC1B04362900D34284 /* ProfileImageTableViewCell.h */,
				4311EEBF1B04369300D34284 /* DisplayNameTableViewCell.h */,
				4311EEC21B0436CB00D34284 /* AcceptanceRateReputationTableViewCell.h */,
				4311EEC31B0436CB00D34284 /* AcceptanceRateReputationTableViewCell.m */,
				4311EEC01B04369300D34284 /* DisplayNameTableViewCell.m */,
				4311EEBD1B04362900D34284 /* ProfileImageTableViewCell.m */,
				43BFDF0A1B033F4500197988 /* SideMenuTableViewCell.xib */,
				43BFDF071B033CB500197988 /* SideMenuTableViewCell.h */,
				43BFDF081B033CB500197988 /* SideMenuTableViewCell.m */,
				43BFDEF81B01E4AF00197988 /* StackOverFlowStyleKit.h */,
				43BFDEF91B01E4AF00197988 /* StackOverFlowStyleKit.m */,
				43BFDF041B03337700197988 /* QuestionsTableViewCell.h */,
				43BFDF051B03337700197988 /* QuestionsTableViewCell.m */,
			);
			name = View;
			sourceTree = "<group>";
		};
		43BFDF0D1B03B5B400197988 /* Model */ = {
			isa = PBXGroup;
			children = (
				43BFDF011B03286C00197988 /* Question.h */,
				43BFDF021B03286C00197988 /* Question.m */,
				43BFDEFE1B03069500197988 /* StackOverflowJSONParser.h */,
				43BFDEFF1B03069500197988 /* StackOverflowJSONParser.m */,
				43BFDEF11B018DB500197988 /* SideMenuSelectionDelegate.h */,
				43BFDEFB1B02FF4200197988 /* StackOverflowService.h */,
				43BFDEFC1B02FF4200197988 /* StackOverflowService.m */,
				4311EEC81B0460C100D34284 /* Answer.h */,
				4311EEC91B0460C100D34284 /* Answer.m */,
				43BFDF151B03CF0800197988 /* User.h */,
				43BFDF161B03CF0800197988 /* User.m */,
				43BFDF0F1B03B67300197988 /* ImageService.h */,
				43BFDF101B03B67300197988 /* ImageService.m */,
				43BFDF121B03C3FB00197988 /* ImageResizer.h */,
				43BFDF131B03C3FB00197988 /* ImageResizer.m */,
			);
			name = Model;
			sourceTree = "<group>";
		};
		43BFDF0E1B03B5C200197988 /* Controller */ = {
			isa = PBXGroup;
			children = (
				43BFDF181B03DFBB00197988 /* ProfileTableViewController.h */,
				43BFDF191B03DFBB00197988 /* ProfileTableViewController.m */,
				43BFDEF51B01AE1B00197988 /* LoginViewController.h */,
				43BFDEF61B01AE1B00197988 /* LoginViewController.m */,
				43BFDEE51B0182A100197988 /* SideMenuTableViewController.h */,
				43BFDEE61B0182A100197988 /* SideMenuTableViewController.m */,
				43BFDEE81B0182DE00197988 /* MyQuestionsViewController.h */,
				43BFDEE91B0182DE00197988 /* MyQuestionsViewController.m */,
				43BFDEEB1B0182F500197988 /* SearchQuestionsViewController.h */,
				43BFDEEC1B0182F500197988 /* SearchQuestionsViewController.m */,
				43BFDEE21B01820B00197988 /* BurgerContainerViewController.h */,
				43BFDEE31B01820B00197988 /* BurgerContainerViewController.m */,
				43BFDEF21B01A36300197988 /* WebOAuthViewController.h */,
				4311EECE1B051E3F00D34284 /* QuestionWebViewController.h */,
				4311EECF1B051E3F00D34284 /* QuestionWebViewController.m */,
				43BFDEF31B01A36300197988 /* WebOAuthViewController.m */,
			);
			name = Controller;
			sourceTree = "<group>";
		};
/* End PBXGroup section */

/* Begin PBXNativeTarget section */
		43BFDEB51B017F7B00197988 /* MyStackOverflow */ = {
			isa = PBXNativeTarget;
			buildConfigurationList = 43BFDEDC1B017F7B00197988 /* Build configuration list for PBXNativeTarget "MyStackOverflow" */;
			buildPhases = (
				E152BBBE119B11019C748187 /* Check Pods Manifest.lock */,
				43BFDEB21B017F7B00197988 /* Sources */,
				43BFDEB31B017F7B00197988 /* Frameworks */,
				43BFDEB41B017F7B00197988 /* Resources */,
				68E30071AFBA8EFD8CB5A3C7 /* Copy Pods Resources */,
			);
			buildRules = (
			);
			dependencies = (
			);
			name = MyStackOverflow;
			productName = MyStackOverflow;
			productReference = 43BFDEB61B017F7B00197988 /* MyStackOverflow.app */;
			productType = "com.apple.product-type.application";
		};
		43BFDED11B017F7B00197988 /* MyStackOverflowTests */ = {
			isa = PBXNativeTarget;
			buildConfigurationList = 43BFDEDF1B017F7B00197988 /* Build configuration list for PBXNativeTarget "MyStackOverflowTests" */;
			buildPhases = (
				43BFDECE1B017F7B00197988 /* Sources */,
				43BFDECF1B017F7B00197988 /* Frameworks */,
				43BFDED01B017F7B00197988 /* Resources */,
			);
			buildRules = (
			);
			dependencies = (
				43BFDED41B017F7B00197988 /* PBXTargetDependency */,
			);
			name = MyStackOverflowTests;
			productName = MyStackOverflowTests;
			productReference = 43BFDED21B017F7B00197988 /* MyStackOverflowTests.xctest */;
			productType = "com.apple.product-type.bundle.unit-test";
		};
/* End PBXNativeTarget section */

/* Begin PBXProject section */
		43BFDEAE1B017F7B00197988 /* Project object */ = {
			isa = PBXProject;
			attributes = {
				LastUpgradeCheck = 0630;
				ORGANIZATIONNAME = jnagel;
				TargetAttributes = {
					43BFDEB51B017F7B00197988 = {
						CreatedOnToolsVersion = 6.3.1;
					};
					43BFDED11B017F7B00197988 = {
						CreatedOnToolsVersion = 6.3.1;
						TestTargetID = 43BFDEB51B017F7B00197988;
					};
				};
			};
			buildConfigurationList = 43BFDEB11B017F7B00197988 /* Build configuration list for PBXProject "MyStackOverflow" */;
			compatibilityVersion = "Xcode 3.2";
			developmentRegion = English;
			hasScannedForEncodings = 0;
			knownRegions = (
				en,
				Base,
			);
			mainGroup = 43BFDEAD1B017F7B00197988;
			productRefGroup = 43BFDEB71B017F7B00197988 /* Products */;
			projectDirPath = "";
			projectRoot = "";
			targets = (
				43BFDEB51B017F7B00197988 /* MyStackOverflow */,
				43BFDED11B017F7B00197988 /* MyStackOverflowTests */,
			);
		};
/* End PBXProject section */

/* Begin PBXResourcesBuildPhase section */
		43BFDEB41B017F7B00197988 /* Resources */ = {
			isa = PBXResourcesBuildPhase;
			buildActionMask = 2147483647;
			files = (
				43BFDEC81B017F7B00197988 /* Main.storyboard in Resources */,
				43BFDECD1B017F7B00197988 /* LaunchScreen.xib in Resources */,
				43BFDECA1B017F7B00197988 /* Images.xcassets in Resources */,
				43BFDF0B1B033F4500197988 /* SideMenuTableViewCell.xib in Resources */,
			);
			runOnlyForDeploymentPostprocessing = 0;
		};
		43BFDED01B017F7B00197988 /* Resources */ = {
			isa = PBXResourcesBuildPhase;
			buildActionMask = 2147483647;
			files = (
			);
			runOnlyForDeploymentPostprocessing = 0;
		};
/* End PBXResourcesBuildPhase section */

/* Begin PBXShellScriptBuildPhase section */
		68E30071AFBA8EFD8CB5A3C7 /* Copy Pods Resources */ = {
			isa = PBXShellScriptBuildPhase;
			buildActionMask = 2147483647;
			files = (
			);
			inputPaths = (
			);
			name = "Copy Pods Resources";
			outputPaths = (
			);
			runOnlyForDeploymentPostprocessing = 0;
			shellPath = /bin/sh;
			shellScript = "\"${SRCROOT}/Pods/Target Support Files/Pods-MyStackOverflow/Pods-MyStackOverflow-resources.sh\"\n";
			showEnvVarsInLog = 0;
		};
		E152BBBE119B11019C748187 /* Check Pods Manifest.lock */ = {
			isa = PBXShellScriptBuildPhase;
			buildActionMask = 2147483647;
			files = (
			);
			inputPaths = (
			);
			name = "Check Pods Manifest.lock";
			outputPaths = (
			);
			runOnlyForDeploymentPostprocessing = 0;
			shellPath = /bin/sh;
			shellScript = "diff \"${PODS_ROOT}/../Podfile.lock\" \"${PODS_ROOT}/Manifest.lock\" > /dev/null\nif [[ $? != 0 ]] ; then\n    cat << EOM\nerror: The sandbox is not in sync with the Podfile.lock. Run 'pod install' or update your CocoaPods installation.\nEOM\n    exit 1\nfi\n";
			showEnvVarsInLog = 0;
		};
/* End PBXShellScriptBuildPhase section */

/* Begin PBXSourcesBuildPhase section */
		43BFDEB21B017F7B00197988 /* Sources */ = {
			isa = PBXSourcesBuildPhase;
			buildActionMask = 2147483647;
			files = (
				43BFDEBF1B017F7B00197988 /* AppDelegate.m in Sources */,
				43BFDF061B03337700197988 /* QuestionsTableViewCell.m in Sources */,
				43BFDF171B03CF0800197988 /* User.m in Sources */,
				4311EEC11B04369300D34284 /* DisplayNameTableViewCell.m in Sources */,
				43BFDF1A1B03DFBB00197988 /* ProfileTableViewController.m in Sources */,
				43BFDF031B03286C00197988 /* Question.m in Sources */,
				4311EEC41B0436CB00D34284 /* AcceptanceRateReputationTableViewCell.m in Sources */,
				43BFDEF41B01A36300197988 /* WebOAuthViewController.m in Sources */,
				43BFDEED1B0182F500197988 /* SearchQuestionsViewController.m in Sources */,
				43BFDEEA1B0182DE00197988 /* MyQuestionsViewController.m in Sources */,
				4311EED01B051E3F00D34284 /* QuestionWebViewController.m in Sources */,
				4311EECA1B0460C100D34284 /* Answer.m in Sources */,
				43BFDEBC1B017F7B00197988 /* main.m in Sources */,
				43BFDF091B033CB500197988 /* SideMenuTableViewCell.m in Sources */,
				43BFDF141B03C3FB00197988 /* ImageResizer.m in Sources */,
				43BFDEFA1B01E4AF00197988 /* StackOverFlowStyleKit.m in Sources */,
				43BFDEFD1B02FF4200197988 /* StackOverflowService.m in Sources */,
				43BFDEF71B01AE1B00197988 /* LoginViewController.m in Sources */,
				43BFDEE41B01820B00197988 /* BurgerContainerViewController.m in Sources */,
				4311EEC71B0436FE00D34284 /* BadgesTableViewCell.m in Sources */,
				4311EEBE1B04362900D34284 /* ProfileImageTableViewCell.m in Sources */,
				43BFDF001B03069500197988 /* StackOverflowJSONParser.m in Sources */,
				43BFDF111B03B67300197988 /* ImageService.m in Sources */,
				43BFDEE71B0182A100197988 /* SideMenuTableViewController.m in Sources */,
			);
			runOnlyForDeploymentPostprocessing = 0;
		};
		43BFDECE1B017F7B00197988 /* Sources */ = {
			isa = PBXSourcesBuildPhase;
			buildActionMask = 2147483647;
			files = (
				43BFDED91B017F7B00197988 /* MyStackOverflowTests.m in Sources */,
			);
			runOnlyForDeploymentPostprocessing = 0;
		};
/* End PBXSourcesBuildPhase section */

/* Begin PBXTargetDependency section */
		43BFDED41B017F7B00197988 /* PBXTargetDependency */ = {
			isa = PBXTargetDependency;
			target = 43BFDEB51B017F7B00197988 /* MyStackOverflow */;
			targetProxy = 43BFDED31B017F7B00197988 /* PBXContainerItemProxy */;
		};
/* End PBXTargetDependency section */

/* Begin PBXVariantGroup section */
		43BFDEC61B017F7B00197988 /* Main.storyboard */ = {
			isa = PBXVariantGroup;
			children = (
				43BFDEC71B017F7B00197988 /* Base */,
			);
			name = Main.storyboard;
			sourceTree = "<group>";
		};
		43BFDECB1B017F7B00197988 /* LaunchScreen.xib */ = {
			isa = PBXVariantGroup;
			children = (
				43BFDECC1B017F7B00197988 /* Base */,
			);
			name = LaunchScreen.xib;
			sourceTree = "<group>";
		};
/* End PBXVariantGroup section */

/* Begin XCBuildConfiguration section */
		43BFDEDA1B017F7B00197988 /* Debug */ = {
			isa = XCBuildConfiguration;
			buildSettings = {
				ALWAYS_SEARCH_USER_PATHS = NO;
				CLANG_CXX_LANGUAGE_STANDARD = "gnu++0x";
				CLANG_CXX_LIBRARY = "libc++";
				CLANG_ENABLE_MODULES = YES;
				CLANG_ENABLE_OBJC_ARC = YES;
				CLANG_WARN_BOOL_CONVERSION = YES;
				CLANG_WARN_CONSTANT_CONVERSION = YES;
				CLANG_WARN_DIRECT_OBJC_ISA_USAGE = YES_ERROR;
				CLANG_WARN_EMPTY_BODY = YES;
				CLANG_WARN_ENUM_CONVERSION = YES;
				CLANG_WARN_INT_CONVERSION = YES;
				CLANG_WARN_OBJC_ROOT_CLASS = YES_ERROR;
				CLANG_WARN_UNREACHABLE_CODE = YES;
				CLANG_WARN__DUPLICATE_METHOD_MATCH = YES;
				"CODE_SIGN_IDENTITY[sdk=iphoneos*]" = "iPhone Developer";
				COPY_PHASE_STRIP = NO;
				DEBUG_INFORMATION_FORMAT = "dwarf-with-dsym";
				ENABLE_STRICT_OBJC_MSGSEND = YES;
				GCC_C_LANGUAGE_STANDARD = gnu99;
				GCC_DYNAMIC_NO_PIC = NO;
				GCC_NO_COMMON_BLOCKS = YES;
				GCC_OPTIMIZATION_LEVEL = 0;
				GCC_PREPROCESSOR_DEFINITIONS = (
					"DEBUG=1",
					"$(inherited)",
				);
				GCC_SYMBOLS_PRIVATE_EXTERN = NO;
				GCC_WARN_64_TO_32_BIT_CONVERSION = YES;
				GCC_WARN_ABOUT_RETURN_TYPE = YES_ERROR;
				GCC_WARN_UNDECLARED_SELECTOR = YES;
				GCC_WARN_UNINITIALIZED_AUTOS = YES_AGGRESSIVE;
				GCC_WARN_UNUSED_FUNCTION = YES;
				GCC_WARN_UNUSED_VARIABLE = YES;
				IPHONEOS_DEPLOYMENT_TARGET = 8.3;
				MTL_ENABLE_DEBUG_INFO = YES;
				ONLY_ACTIVE_ARCH = YES;
				SDKROOT = iphoneos;
				TARGETED_DEVICE_FAMILY = "1,2";
			};
			name = Debug;
		};
		43BFDEDB1B017F7B00197988 /* Release */ = {
			isa = XCBuildConfiguration;
			buildSettings = {
				ALWAYS_SEARCH_USER_PATHS = NO;
				CLANG_CXX_LANGUAGE_STANDARD = "gnu++0x";
				CLANG_CXX_LIBRARY = "libc++";
				CLANG_ENABLE_MODULES = YES;
				CLANG_ENABLE_OBJC_ARC = YES;
				CLANG_WARN_BOOL_CONVERSION = YES;
				CLANG_WARN_CONSTANT_CONVERSION = YES;
				CLANG_WARN_DIRECT_OBJC_ISA_USAGE = YES_ERROR;
				CLANG_WARN_EMPTY_BODY = YES;
				CLANG_WARN_ENUM_CONVERSION = YES;
				CLANG_WARN_INT_CONVERSION = YES;
				CLANG_WARN_OBJC_ROOT_CLASS = YES_ERROR;
				CLANG_WARN_UNREACHABLE_CODE = YES;
				CLANG_WARN__DUPLICATE_METHOD_MATCH = YES;
				"CODE_SIGN_IDENTITY[sdk=iphoneos*]" = "iPhone Developer";
				COPY_PHASE_STRIP = NO;
				DEBUG_INFORMATION_FORMAT = "dwarf-with-dsym";
				ENABLE_NS_ASSERTIONS = NO;
				ENABLE_STRICT_OBJC_MSGSEND = YES;
				GCC_C_LANGUAGE_STANDARD = gnu99;
				GCC_NO_COMMON_BLOCKS = YES;
				GCC_WARN_64_TO_32_BIT_CONVERSION = YES;
				GCC_WARN_ABOUT_RETURN_TYPE = YES_ERROR;
				GCC_WARN_UNDECLARED_SELECTOR = YES;
				GCC_WARN_UNINITIALIZED_AUTOS = YES_AGGRESSIVE;
				GCC_WARN_UNUSED_FUNCTION = YES;
				GCC_WARN_UNUSED_VARIABLE = YES;
				IPHONEOS_DEPLOYMENT_TARGET = 8.3;
				MTL_ENABLE_DEBUG_INFO = NO;
				SDKROOT = iphoneos;
				TARGETED_DEVICE_FAMILY = "1,2";
				VALIDATE_PRODUCT = YES;
			};
			name = Release;
		};
		43BFDEDD1B017F7B00197988 /* Debug */ = {
			isa = XCBuildConfiguration;
			baseConfigurationReference = 14C7E78C36B1F431D8ECD787 /* Pods-MyStackOverflow.debug.xcconfig */;
			buildSettings = {
				ASSETCATALOG_COMPILER_APPICON_NAME = AppIcon;
				INFOPLIST_FILE = MyStackOverflow/Info.plist;
				LD_RUNPATH_SEARCH_PATHS = "$(inherited) @executable_path/Frameworks";
				PRODUCT_NAME = "$(TARGET_NAME)";
			};
			name = Debug;
		};
		43BFDEDE1B017F7B00197988 /* Release */ = {
			isa = XCBuildConfiguration;
			baseConfigurationReference = EB8F8A2CE689E6B7DF65007C /* Pods-MyStackOverflow.release.xcconfig */;
			buildSettings = {
				ASSETCATALOG_COMPILER_APPICON_NAME = AppIcon;
				INFOPLIST_FILE = MyStackOverflow/Info.plist;
				LD_RUNPATH_SEARCH_PATHS = "$(inherited) @executable_path/Frameworks";
				PRODUCT_NAME = "$(TARGET_NAME)";
			};
			name = Release;
		};
		43BFDEE01B017F7B00197988 /* Debug */ = {
			isa = XCBuildConfiguration;
			buildSettings = {
				BUNDLE_LOADER = "$(TEST_HOST)";
				FRAMEWORK_SEARCH_PATHS = (
					"$(SDKROOT)/Developer/Library/Frameworks",
					"$(inherited)",
				);
				GCC_PREPROCESSOR_DEFINITIONS = (
					"DEBUG=1",
					"$(inherited)",
				);
				INFOPLIST_FILE = MyStackOverflowTests/Info.plist;
				LD_RUNPATH_SEARCH_PATHS = "$(inherited) @executable_path/Frameworks @loader_path/Frameworks";
				PRODUCT_NAME = "$(TARGET_NAME)";
				TEST_HOST = "$(BUILT_PRODUCTS_DIR)/MyStackOverflow.app/MyStackOverflow";
			};
			name = Debug;
		};
		43BFDEE11B017F7B00197988 /* Release */ = {
			isa = XCBuildConfiguration;
			buildSettings = {
				BUNDLE_LOADER = "$(TEST_HOST)";
				FRAMEWORK_SEARCH_PATHS = (
					"$(SDKROOT)/Developer/Library/Frameworks",
					"$(inherited)",
				);
				INFOPLIST_FILE = MyStackOverflowTests/Info.plist;
				LD_RUNPATH_SEARCH_PATHS = "$(inherited) @executable_path/Frameworks @loader_path/Frameworks";
				PRODUCT_NAME = "$(TARGET_NAME)";
				TEST_HOST = "$(BUILT_PRODUCTS_DIR)/MyStackOverflow.app/MyStackOverflow";
			};
			name = Release;
		};
/* End XCBuildConfiguration section */

/* Begin XCConfigurationList section */
		43BFDEB11B017F7B00197988 /* Build configuration list for PBXProject "MyStackOverflow" */ = {
			isa = XCConfigurationList;
			buildConfigurations = (
				43BFDEDA1B017F7B00197988 /* Debug */,
				43BFDEDB1B017F7B00197988 /* Release */,
			);
			defaultConfigurationIsVisible = 0;
			defaultConfigurationName = Release;
		};
		43BFDEDC1B017F7B00197988 /* Build configuration list for PBXNativeTarget "MyStackOverflow" */ = {
			isa = XCConfigurationList;
			buildConfigurations = (
				43BFDEDD1B017F7B00197988 /* Debug */,
				43BFDEDE1B017F7B00197988 /* Release */,
			);
			defaultConfigurationIsVisible = 0;
			defaultConfigurationName = Release;
		};
		43BFDEDF1B017F7B00197988 /* Build configuration list for PBXNativeTarget "MyStackOverflowTests" */ = {
			isa = XCConfigurationList;
			buildConfigurations = (
				43BFDEE01B017F7B00197988 /* Debug */,
				43BFDEE11B017F7B00197988 /* Release */,
			);
			defaultConfigurationIsVisible = 0;
			defaultConfigurationName = Release;
		};
/* End XCConfigurationList section */
	};
	rootObject = 43BFDEAE1B017F7B00197988 /* Project object */;
}
